// !$*UTF8*$!
{
	archiveVersion = 1;
	classes = {
	};
	objectVersion = 56;
	objects = {

/* Begin PBXBuildFile section */
		7E5211102AA74C3B0080F92C /* AppDelegate.swift in Sources */ = {isa = PBXBuildFile; fileRef = 7E52110F2AA74C3B0080F92C /* AppDelegate.swift */; };
		7E5211122AA74C3B0080F92C /* SceneDelegate.swift in Sources */ = {isa = PBXBuildFile; fileRef = 7E5211112AA74C3B0080F92C /* SceneDelegate.swift */; };
		7E5211142AA74C3B0080F92C /* ReceiverViewController.swift in Sources */ = {isa = PBXBuildFile; fileRef = 7E5211132AA74C3B0080F92C /* ReceiverViewController.swift */; };
		7E5211192AA74C3C0080F92C /* Assets.xcassets in Resources */ = {isa = PBXBuildFile; fileRef = 7E5211182AA74C3C0080F92C /* Assets.xcassets */; };
		7E52111C2AA74C3C0080F92C /* LaunchScreen.storyboard in Resources */ = {isa = PBXBuildFile; fileRef = 7E52111A2AA74C3C0080F92C /* LaunchScreen.storyboard */; };
		7E5211272AA74C3D0080F92C /* POC_CombineTests.swift in Sources */ = {isa = PBXBuildFile; fileRef = 7E5211262AA74C3D0080F92C /* POC_CombineTests.swift */; };
		7E5211312AA74C3D0080F92C /* POC_CombineUITests.swift in Sources */ = {isa = PBXBuildFile; fileRef = 7E5211302AA74C3D0080F92C /* POC_CombineUITests.swift */; };
		7E5211332AA74C3D0080F92C /* POC_CombineUITestsLaunchTests.swift in Sources */ = {isa = PBXBuildFile; fileRef = 7E5211322AA74C3D0080F92C /* POC_CombineUITestsLaunchTests.swift */; };
		7E5211442AAF45F90080F92C /* SenderViewController.swift in Sources */ = {isa = PBXBuildFile; fileRef = 7E5211432AAF45F90080F92C /* SenderViewController.swift */; };
		7E5211462AAF49550080F92C /* SessionViewModel.swift in Sources */ = {isa = PBXBuildFile; fileRef = 7E5211452AAF49550080F92C /* SessionViewModel.swift */; };
		7E5211482AAF8D7F0080F92C /* RoomModel.swift in Sources */ = {isa = PBXBuildFile; fileRef = 7E5211472AAF8D7F0080F92C /* RoomModel.swift */; };
		7E52114A2AAF941A0080F92C /* RoomListViewModel.swift in Sources */ = {isa = PBXBuildFile; fileRef = 7E5211492AAF941A0080F92C /* RoomListViewModel.swift */; };
		7E52114C2AAF99BD0080F92C /* RoomListViewController.swift in Sources */ = {isa = PBXBuildFile; fileRef = 7E52114B2AAF99BD0080F92C /* RoomListViewController.swift */; };
/* End PBXBuildFile section */

/* Begin PBXContainerItemProxy section */
		7E5211232AA74C3D0080F92C /* PBXContainerItemProxy */ = {
			isa = PBXContainerItemProxy;
			containerPortal = 7E5211042AA74C3B0080F92C /* Project object */;
			proxyType = 1;
			remoteGlobalIDString = 7E52110B2AA74C3B0080F92C;
			remoteInfo = "POC-Combine";
		};
		7E52112D2AA74C3D0080F92C /* PBXContainerItemProxy */ = {
			isa = PBXContainerItemProxy;
			containerPortal = 7E5211042AA74C3B0080F92C /* Project object */;
			proxyType = 1;
			remoteGlobalIDString = 7E52110B2AA74C3B0080F92C;
			remoteInfo = "POC-Combine";
		};
/* End PBXContainerItemProxy section */

/* Begin PBXFileReference section */
		7E52110C2AA74C3B0080F92C /* POC-Combine.app */ = {isa = PBXFileReference; explicitFileType = wrapper.application; includeInIndex = 0; path = "POC-Combine.app"; sourceTree = BUILT_PRODUCTS_DIR; };
		7E52110F2AA74C3B0080F92C /* AppDelegate.swift */ = {isa = PBXFileReference; lastKnownFileType = sourcecode.swift; path = AppDelegate.swift; sourceTree = "<group>"; };
		7E5211112AA74C3B0080F92C /* SceneDelegate.swift */ = {isa = PBXFileReference; lastKnownFileType = sourcecode.swift; path = SceneDelegate.swift; sourceTree = "<group>"; };
		7E5211132AA74C3B0080F92C /* ReceiverViewController.swift */ = {isa = PBXFileReference; lastKnownFileType = sourcecode.swift; path = ReceiverViewController.swift; sourceTree = "<group>"; };
		7E5211182AA74C3C0080F92C /* Assets.xcassets */ = {isa = PBXFileReference; lastKnownFileType = folder.assetcatalog; path = Assets.xcassets; sourceTree = "<group>"; };
		7E52111B2AA74C3C0080F92C /* Base */ = {isa = PBXFileReference; lastKnownFileType = file.storyboard; name = Base; path = Base.lproj/LaunchScreen.storyboard; sourceTree = "<group>"; };
		7E52111D2AA74C3C0080F92C /* Info.plist */ = {isa = PBXFileReference; lastKnownFileType = text.plist.xml; path = Info.plist; sourceTree = "<group>"; };
		7E5211222AA74C3D0080F92C /* POC-CombineTests.xctest */ = {isa = PBXFileReference; explicitFileType = wrapper.cfbundle; includeInIndex = 0; path = "POC-CombineTests.xctest"; sourceTree = BUILT_PRODUCTS_DIR; };
		7E5211262AA74C3D0080F92C /* POC_CombineTests.swift */ = {isa = PBXFileReference; lastKnownFileType = sourcecode.swift; path = POC_CombineTests.swift; sourceTree = "<group>"; };
		7E52112C2AA74C3D0080F92C /* POC-CombineUITests.xctest */ = {isa = PBXFileReference; explicitFileType = wrapper.cfbundle; includeInIndex = 0; path = "POC-CombineUITests.xctest"; sourceTree = BUILT_PRODUCTS_DIR; };
		7E5211302AA74C3D0080F92C /* POC_CombineUITests.swift */ = {isa = PBXFileReference; lastKnownFileType = sourcecode.swift; path = POC_CombineUITests.swift; sourceTree = "<group>"; };
		7E5211322AA74C3D0080F92C /* POC_CombineUITestsLaunchTests.swift */ = {isa = PBXFileReference; lastKnownFileType = sourcecode.swift; path = POC_CombineUITestsLaunchTests.swift; sourceTree = "<group>"; };
		7E5211432AAF45F90080F92C /* SenderViewController.swift */ = {isa = PBXFileReference; lastKnownFileType = sourcecode.swift; path = SenderViewController.swift; sourceTree = "<group>"; };
		7E5211452AAF49550080F92C /* SessionViewModel.swift */ = {isa = PBXFileReference; lastKnownFileType = sourcecode.swift; path = SessionViewModel.swift; sourceTree = "<group>"; };
		7E5211472AAF8D7F0080F92C /* RoomModel.swift */ = {isa = PBXFileReference; lastKnownFileType = sourcecode.swift; path = RoomModel.swift; sourceTree = "<group>"; };
		7E5211492AAF941A0080F92C /* RoomListViewModel.swift */ = {isa = PBXFileReference; lastKnownFileType = sourcecode.swift; path = RoomListViewModel.swift; sourceTree = "<group>"; };
		7E52114B2AAF99BD0080F92C /* RoomListViewController.swift */ = {isa = PBXFileReference; lastKnownFileType = sourcecode.swift; path = RoomListViewController.swift; sourceTree = "<group>"; };
/* End PBXFileReference section */

/* Begin PBXFrameworksBuildPhase section */
		7E5211092AA74C3B0080F92C /* Frameworks */ = {
			isa = PBXFrameworksBuildPhase;
			buildActionMask = 2147483647;
			files = (
			);
			runOnlyForDeploymentPostprocessing = 0;
		};
		7E52111F2AA74C3D0080F92C /* Frameworks */ = {
			isa = PBXFrameworksBuildPhase;
			buildActionMask = 2147483647;
			files = (
			);
			runOnlyForDeploymentPostprocessing = 0;
		};
		7E5211292AA74C3D0080F92C /* Frameworks */ = {
			isa = PBXFrameworksBuildPhase;
			buildActionMask = 2147483647;
			files = (
			);
			runOnlyForDeploymentPostprocessing = 0;
		};
/* End PBXFrameworksBuildPhase section */

/* Begin PBXGroup section */
		7E5211032AA74C3B0080F92C = {
			isa = PBXGroup;
			children = (
				7E52110E2AA74C3B0080F92C /* POC-Combine */,
				7E5211252AA74C3D0080F92C /* POC-CombineTests */,
				7E52112F2AA74C3D0080F92C /* POC-CombineUITests */,
				7E52110D2AA74C3B0080F92C /* Products */,
			);
			sourceTree = "<group>";
		};
		7E52110D2AA74C3B0080F92C /* Products */ = {
			isa = PBXGroup;
			children = (
				7E52110C2AA74C3B0080F92C /* POC-Combine.app */,
				7E5211222AA74C3D0080F92C /* POC-CombineTests.xctest */,
				7E52112C2AA74C3D0080F92C /* POC-CombineUITests.xctest */,
			);
			name = Products;
			sourceTree = "<group>";
		};
		7E52110E2AA74C3B0080F92C /* POC-Combine */ = {
			isa = PBXGroup;
			children = (
				7E52110F2AA74C3B0080F92C /* AppDelegate.swift */,
				7E5211112AA74C3B0080F92C /* SceneDelegate.swift */,
				7E5211132AA74C3B0080F92C /* ReceiverViewController.swift */,
				7E5211432AAF45F90080F92C /* SenderViewController.swift */,
				7E5211452AAF49550080F92C /* SessionViewModel.swift */,
				7E52114D2AAF9AA50080F92C /* Room */,
				7E5211182AA74C3C0080F92C /* Assets.xcassets */,
				7E52111A2AA74C3C0080F92C /* LaunchScreen.storyboard */,
				7E52111D2AA74C3C0080F92C /* Info.plist */,
			);
			path = "POC-Combine";
			sourceTree = "<group>";
		};
		7E5211252AA74C3D0080F92C /* POC-CombineTests */ = {
			isa = PBXGroup;
			children = (
				7E5211262AA74C3D0080F92C /* POC_CombineTests.swift */,
			);
			path = "POC-CombineTests";
			sourceTree = "<group>";
		};
		7E52112F2AA74C3D0080F92C /* POC-CombineUITests */ = {
			isa = PBXGroup;
			children = (
				7E5211302AA74C3D0080F92C /* POC_CombineUITests.swift */,
				7E5211322AA74C3D0080F92C /* POC_CombineUITestsLaunchTests.swift */,
			);
			path = "POC-CombineUITests";
			sourceTree = "<group>";
		};
		7E52114D2AAF9AA50080F92C /* Room */ = {
			isa = PBXGroup;
			children = (
				7E5211472AAF8D7F0080F92C /* RoomModel.swift */,
				7E5211492AAF941A0080F92C /* RoomListViewModel.swift */,
				7E52114B2AAF99BD0080F92C /* RoomListViewController.swift */,
			);
			path = Room;
			sourceTree = "<group>";
		};
/* End PBXGroup section */

/* Begin PBXNativeTarget section */
		7E52110B2AA74C3B0080F92C /* POC-Combine */ = {
			isa = PBXNativeTarget;
			buildConfigurationList = 7E5211362AA74C3D0080F92C /* Build configuration list for PBXNativeTarget "POC-Combine" */;
			buildPhases = (
				7E5211082AA74C3B0080F92C /* Sources */,
				7E5211092AA74C3B0080F92C /* Frameworks */,
				7E52110A2AA74C3B0080F92C /* Resources */,
			);
			buildRules = (
			);
			dependencies = (
			);
			name = "POC-Combine";
			productName = "POC-Combine";
			productReference = 7E52110C2AA74C3B0080F92C /* POC-Combine.app */;
			productType = "com.apple.product-type.application";
		};
		7E5211212AA74C3D0080F92C /* POC-CombineTests */ = {
			isa = PBXNativeTarget;
			buildConfigurationList = 7E5211392AA74C3D0080F92C /* Build configuration list for PBXNativeTarget "POC-CombineTests" */;
			buildPhases = (
				7E52111E2AA74C3D0080F92C /* Sources */,
				7E52111F2AA74C3D0080F92C /* Frameworks */,
				7E5211202AA74C3D0080F92C /* Resources */,
			);
			buildRules = (
			);
			dependencies = (
				7E5211242AA74C3D0080F92C /* PBXTargetDependency */,
			);
			name = "POC-CombineTests";
			productName = "POC-CombineTests";
			productReference = 7E5211222AA74C3D0080F92C /* POC-CombineTests.xctest */;
			productType = "com.apple.product-type.bundle.unit-test";
		};
		7E52112B2AA74C3D0080F92C /* POC-CombineUITests */ = {
			isa = PBXNativeTarget;
			buildConfigurationList = 7E52113C2AA74C3D0080F92C /* Build configuration list for PBXNativeTarget "POC-CombineUITests" */;
			buildPhases = (
				7E5211282AA74C3D0080F92C /* Sources */,
				7E5211292AA74C3D0080F92C /* Frameworks */,
				7E52112A2AA74C3D0080F92C /* Resources */,
			);
			buildRules = (
			);
			dependencies = (
				7E52112E2AA74C3D0080F92C /* PBXTargetDependency */,
			);
			name = "POC-CombineUITests";
			productName = "POC-CombineUITests";
			productReference = 7E52112C2AA74C3D0080F92C /* POC-CombineUITests.xctest */;
			productType = "com.apple.product-type.bundle.ui-testing";
		};
/* End PBXNativeTarget section */

/* Begin PBXProject section */
		7E5211042AA74C3B0080F92C /* Project object */ = {
			isa = PBXProject;
			attributes = {
				BuildIndependentTargetsInParallel = 1;
				LastSwiftUpdateCheck = 1430;
				LastUpgradeCheck = 1430;
				TargetAttributes = {
					7E52110B2AA74C3B0080F92C = {
						CreatedOnToolsVersion = 14.3;
					};
					7E5211212AA74C3D0080F92C = {
						CreatedOnToolsVersion = 14.3;
						TestTargetID = 7E52110B2AA74C3B0080F92C;
					};
					7E52112B2AA74C3D0080F92C = {
						CreatedOnToolsVersion = 14.3;
						TestTargetID = 7E52110B2AA74C3B0080F92C;
					};
				};
			};
			buildConfigurationList = 7E5211072AA74C3B0080F92C /* Build configuration list for PBXProject "POC-Combine" */;
			compatibilityVersion = "Xcode 14.0";
			developmentRegion = en;
			hasScannedForEncodings = 0;
			knownRegions = (
				en,
				Base,
			);
			mainGroup = 7E5211032AA74C3B0080F92C;
			productRefGroup = 7E52110D2AA74C3B0080F92C /* Products */;
			projectDirPath = "";
			projectRoot = "";
			targets = (
				7E52110B2AA74C3B0080F92C /* POC-Combine */,
				7E5211212AA74C3D0080F92C /* POC-CombineTests */,
				7E52112B2AA74C3D0080F92C /* POC-CombineUITests */,
			);
		};
/* End PBXProject section */

/* Begin PBXResourcesBuildPhase section */
		7E52110A2AA74C3B0080F92C /* Resources */ = {
			isa = PBXResourcesBuildPhase;
			buildActionMask = 2147483647;
			files = (
				7E52111C2AA74C3C0080F92C /* LaunchScreen.storyboard in Resources */,
				7E5211192AA74C3C0080F92C /* Assets.xcassets in Resources */,
			);
			runOnlyForDeploymentPostprocessing = 0;
		};
		7E5211202AA74C3D0080F92C /* Resources */ = {
			isa = PBXResourcesBuildPhase;
			buildActionMask = 2147483647;
			files = (
			);
			runOnlyForDeploymentPostprocessing = 0;
		};
		7E52112A2AA74C3D0080F92C /* Resources */ = {
			isa = PBXResourcesBuildPhase;
			buildActionMask = 2147483647;
			files = (
			);
			runOnlyForDeploymentPostprocessing = 0;
		};
/* End PBXResourcesBuildPhase section */

/* Begin PBXSourcesBuildPhase section */
		7E5211082AA74C3B0080F92C /* Sources */ = {
			isa = PBXSourcesBuildPhase;
			buildActionMask = 2147483647;
			files = (
				7E5211442AAF45F90080F92C /* SenderViewController.swift in Sources */,
				7E5211462AAF49550080F92C /* SessionViewModel.swift in Sources */,
				7E5211482AAF8D7F0080F92C /* RoomModel.swift in Sources */,
				7E5211142AA74C3B0080F92C /* ReceiverViewController.swift in Sources */,
				7E5211102AA74C3B0080F92C /* AppDelegate.swift in Sources */,
				7E52114A2AAF941A0080F92C /* RoomListViewModel.swift in Sources */,
				7E5211122AA74C3B0080F92C /* SceneDelegate.swift in Sources */,
				7E52114C2AAF99BD0080F92C /* RoomListViewController.swift in Sources */,
			);
			runOnlyForDeploymentPostprocessing = 0;
		};
		7E52111E2AA74C3D0080F92C /* Sources */ = {
			isa = PBXSourcesBuildPhase;
			buildActionMask = 2147483647;
			files = (
				7E5211272AA74C3D0080F92C /* POC_CombineTests.swift in Sources */,
			);
			runOnlyForDeploymentPostprocessing = 0;
		};
		7E5211282AA74C3D0080F92C /* Sources */ = {
			isa = PBXSourcesBuildPhase;
			buildActionMask = 2147483647;
			files = (
				7E5211312AA74C3D0080F92C /* POC_CombineUITests.swift in Sources */,
				7E5211332AA74C3D0080F92C /* POC_CombineUITestsLaunchTests.swift in Sources */,
			);
			runOnlyForDeploymentPostprocessing = 0;
		};
/* End PBXSourcesBuildPhase section */

/* Begin PBXTargetDependency section */
		7E5211242AA74C3D0080F92C /* PBXTargetDependency */ = {
			isa = PBXTargetDependency;
			target = 7E52110B2AA74C3B0080F92C /* POC-Combine */;
			targetProxy = 7E5211232AA74C3D0080F92C /* PBXContainerItemProxy */;
		};
		7E52112E2AA74C3D0080F92C /* PBXTargetDependency */ = {
			isa = PBXTargetDependency;
			target = 7E52110B2AA74C3B0080F92C /* POC-Combine */;
			targetProxy = 7E52112D2AA74C3D0080F92C /* PBXContainerItemProxy */;
		};
/* End PBXTargetDependency section */

/* Begin PBXVariantGroup section */
		7E52111A2AA74C3C0080F92C /* LaunchScreen.storyboard */ = {
			isa = PBXVariantGroup;
			children = (
				7E52111B2AA74C3C0080F92C /* Base */,
			);
			name = LaunchScreen.storyboard;
			sourceTree = "<group>";
		};
/* End PBXVariantGroup section */

/* Begin XCBuildConfiguration section */
		7E5211342AA74C3D0080F92C /* Debug */ = {
			isa = XCBuildConfiguration;
			buildSettings = {
				ALWAYS_SEARCH_USER_PATHS = NO;
				CLANG_ANALYZER_NONNULL = YES;
				CLANG_ANALYZER_NUMBER_OBJECT_CONVERSION = YES_AGGRESSIVE;
				CLANG_CXX_LANGUAGE_STANDARD = "gnu++20";
				CLANG_ENABLE_MODULES = YES;
				CLANG_ENABLE_OBJC_ARC = YES;
				CLANG_ENABLE_OBJC_WEAK = YES;
				CLANG_WARN_BLOCK_CAPTURE_AUTORELEASING = YES;
				CLANG_WARN_BOOL_CONVERSION = YES;
				CLANG_WARN_COMMA = YES;
				CLANG_WARN_CONSTANT_CONVERSION = YES;
				CLANG_WARN_DEPRECATED_OBJC_IMPLEMENTATIONS = YES;
				CLANG_WARN_DIRECT_OBJC_ISA_USAGE = YES_ERROR;
				CLANG_WARN_DOCUMENTATION_COMMENTS = YES;
				CLANG_WARN_EMPTY_BODY = YES;
				CLANG_WARN_ENUM_CONVERSION = YES;
				CLANG_WARN_INFINITE_RECURSION = YES;
				CLANG_WARN_INT_CONVERSION = YES;
				CLANG_WARN_NON_LITERAL_NULL_CONVERSION = YES;
				CLANG_WARN_OBJC_IMPLICIT_RETAIN_SELF = YES;
				CLANG_WARN_OBJC_LITERAL_CONVERSION = YES;
				CLANG_WARN_OBJC_ROOT_CLASS = YES_ERROR;
				CLANG_WARN_QUOTED_INCLUDE_IN_FRAMEWORK_HEADER = YES;
				CLANG_WARN_RANGE_LOOP_ANALYSIS = YES;
				CLANG_WARN_STRICT_PROTOTYPES = YES;
				CLANG_WARN_SUSPICIOUS_MOVE = YES;
				CLANG_WARN_UNGUARDED_AVAILABILITY = YES_AGGRESSIVE;
				CLANG_WARN_UNREACHABLE_CODE = YES;
				CLANG_WARN__DUPLICATE_METHOD_MATCH = YES;
				COPY_PHASE_STRIP = NO;
				DEBUG_INFORMATION_FORMAT = dwarf;
				ENABLE_STRICT_OBJC_MSGSEND = YES;
				ENABLE_TESTABILITY = YES;
				GCC_C_LANGUAGE_STANDARD = gnu11;
				GCC_DYNAMIC_NO_PIC = NO;
				GCC_NO_COMMON_BLOCKS = YES;
				GCC_OPTIMIZATION_LEVEL = 0;
				GCC_PREPROCESSOR_DEFINITIONS = (
					"DEBUG=1",
					"$(inherited)",
				);
				GCC_WARN_64_TO_32_BIT_CONVERSION = YES;
				GCC_WARN_ABOUT_RETURN_TYPE = YES_ERROR;
				GCC_WARN_UNDECLARED_SELECTOR = YES;
				GCC_WARN_UNINITIALIZED_AUTOS = YES_AGGRESSIVE;
				GCC_WARN_UNUSED_FUNCTION = YES;
				GCC_WARN_UNUSED_VARIABLE = YES;
				IPHONEOS_DEPLOYMENT_TARGET = 16.4;
				MTL_ENABLE_DEBUG_INFO = INCLUDE_SOURCE;
				MTL_FAST_MATH = YES;
				ONLY_ACTIVE_ARCH = YES;
				SDKROOT = iphoneos;
				SWIFT_ACTIVE_COMPILATION_CONDITIONS = DEBUG;
				SWIFT_OPTIMIZATION_LEVEL = "-Onone";
			};
			name = Debug;
		};
		7E5211352AA74C3D0080F92C /* Release */ = {
			isa = XCBuildConfiguration;
			buildSettings = {
				ALWAYS_SEARCH_USER_PATHS = NO;
				CLANG_ANALYZER_NONNULL = YES;
				CLANG_ANALYZER_NUMBER_OBJECT_CONVERSION = YES_AGGRESSIVE;
				CLANG_CXX_LANGUAGE_STANDARD = "gnu++20";
				CLANG_ENABLE_MODULES = YES;
				CLANG_ENABLE_OBJC_ARC = YES;
				CLANG_ENABLE_OBJC_WEAK = YES;
				CLANG_WARN_BLOCK_CAPTURE_AUTORELEASING = YES;
				CLANG_WARN_BOOL_CONVERSION = YES;
				CLANG_WARN_COMMA = YES;
				CLANG_WARN_CONSTANT_CONVERSION = YES;
				CLANG_WARN_DEPRECATED_OBJC_IMPLEMENTATIONS = YES;
				CLANG_WARN_DIRECT_OBJC_ISA_USAGE = YES_ERROR;
				CLANG_WARN_DOCUMENTATION_COMMENTS = YES;
				CLANG_WARN_EMPTY_BODY = YES;
				CLANG_WARN_ENUM_CONVERSION = YES;
				CLANG_WARN_INFINITE_RECURSION = YES;
				CLANG_WARN_INT_CONVERSION = YES;
				CLANG_WARN_NON_LITERAL_NULL_CONVERSION = YES;
				CLANG_WARN_OBJC_IMPLICIT_RETAIN_SELF = YES;
				CLANG_WARN_OBJC_LITERAL_CONVERSION = YES;
				CLANG_WARN_OBJC_ROOT_CLASS = YES_ERROR;
				CLANG_WARN_QUOTED_INCLUDE_IN_FRAMEWORK_HEADER = YES;
				CLANG_WARN_RANGE_LOOP_ANALYSIS = YES;
				CLANG_WARN_STRICT_PROTOTYPES = YES;
				CLANG_WARN_SUSPICIOUS_MOVE = YES;
				CLANG_WARN_UNGUARDED_AVAILABILITY = YES_AGGRESSIVE;
				CLANG_WARN_UNREACHABLE_CODE = YES;
				CLANG_WARN__DUPLICATE_METHOD_MATCH = YES;
				COPY_PHASE_STRIP = NO;
				DEBUG_INFORMATION_FORMAT = "dwarf-with-dsym";
				ENABLE_NS_ASSERTIONS = NO;
				ENABLE_STRICT_OBJC_MSGSEND = YES;
				GCC_C_LANGUAGE_STANDARD = gnu11;
				GCC_NO_COMMON_BLOCKS = YES;
				GCC_WARN_64_TO_32_BIT_CONVERSION = YES;
				GCC_WARN_ABOUT_RETURN_TYPE = YES_ERROR;
				GCC_WARN_UNDECLARED_SELECTOR = YES;
				GCC_WARN_UNINITIALIZED_AUTOS = YES_AGGRESSIVE;
				GCC_WARN_UNUSED_FUNCTION = YES;
				GCC_WARN_UNUSED_VARIABLE = YES;
				IPHONEOS_DEPLOYMENT_TARGET = 16.4;
				MTL_ENABLE_DEBUG_INFO = NO;
				MTL_FAST_MATH = YES;
				SDKROOT = iphoneos;
				SWIFT_COMPILATION_MODE = wholemodule;
				SWIFT_OPTIMIZATION_LEVEL = "-O";
				VALIDATE_PRODUCT = YES;
			};
			name = Release;
		};
		7E5211372AA74C3D0080F92C /* Debug */ = {
			isa = XCBuildConfiguration;
			buildSettings = {
				ASSETCATALOG_COMPILER_APPICON_NAME = AppIcon;
				ASSETCATALOG_COMPILER_GLOBAL_ACCENT_COLOR_NAME = AccentColor;
				CODE_SIGN_STYLE = Automatic;
				CURRENT_PROJECT_VERSION = 1;
				DEVELOPMENT_TEAM = 44U668YQTW;
				GENERATE_INFOPLIST_FILE = YES;
				INFOPLIST_FILE = "POC-Combine/Info.plist";
				INFOPLIST_KEY_UIApplicationSupportsIndirectInputEvents = YES;
				INFOPLIST_KEY_UILaunchStoryboardName = LaunchScreen;
				INFOPLIST_KEY_UISupportedInterfaceOrientations_iPad = "UIInterfaceOrientationPortrait UIInterfaceOrientationPortraitUpsideDown UIInterfaceOrientationLandscapeLeft UIInterfaceOrientationLandscapeRight";
				INFOPLIST_KEY_UISupportedInterfaceOrientations_iPhone = "UIInterfaceOrientationPortrait UIInterfaceOrientationLandscapeLeft UIInterfaceOrientationLandscapeRight";
				LD_RUNPATH_SEARCH_PATHS = (
					"$(inherited)",
					"@executable_path/Frameworks",
				);
				MARKETING_VERSION = 1.0;
				PRODUCT_BUNDLE_IDENTIFIER = "com.luciana.POC-Combine";
				PRODUCT_NAME = "$(TARGET_NAME)";
				SWIFT_EMIT_LOC_STRINGS = YES;
				SWIFT_VERSION = 5.0;
				TARGETED_DEVICE_FAMILY = "1,2";
			};
			name = Debug;
		};
		7E5211382AA74C3D0080F92C /* Release */ = {
			isa = XCBuildConfiguration;
			buildSettings = {
				ASSETCATALOG_COMPILER_APPICON_NAME = AppIcon;
				ASSETCATALOG_COMPILER_GLOBAL_ACCENT_COLOR_NAME = AccentColor;
				CODE_SIGN_STYLE = Automatic;
				CURRENT_PROJECT_VERSION = 1;
				DEVELOPMENT_TEAM = 44U668YQTW;
				GENERATE_INFOPLIST_FILE = YES;
				INFOPLIST_FILE = "POC-Combine/Info.plist";
				INFOPLIST_KEY_UIApplicationSupportsIndirectInputEvents = YES;
				INFOPLIST_KEY_UILaunchStoryboardName = LaunchScreen;
				INFOPLIST_KEY_UISupportedInterfaceOrientations_iPad = "UIInterfaceOrientationPortrait UIInterfaceOrientationPortraitUpsideDown UIInterfaceOrientationLandscapeLeft UIInterfaceOrientationLandscapeRight";
				INFOPLIST_KEY_UISupportedInterfaceOrientations_iPhone = "UIInterfaceOrientationPortrait UIInterfaceOrientationLandscapeLeft UIInterfaceOrientationLandscapeRight";
				LD_RUNPATH_SEARCH_PATHS = (
					"$(inherited)",
					"@executable_path/Frameworks",
				);
				MARKETING_VERSION = 1.0;
				PRODUCT_BUNDLE_IDENTIFIER = "com.luciana.POC-Combine";
				PRODUCT_NAME = "$(TARGET_NAME)";
				SWIFT_EMIT_LOC_STRINGS = YES;
				SWIFT_VERSION = 5.0;
				TARGETED_DEVICE_FAMILY = "1,2";
			};
			name = Release;
		};
		7E52113A2AA74C3D0080F92C /* Debug */ = {
			isa = XCBuildConfiguration;
			buildSettings = {
				ALWAYS_EMBED_SWIFT_STANDARD_LIBRARIES = YES;
				BUNDLE_LOADER = "$(TEST_HOST)";
				CODE_SIGN_STYLE = Automatic;
				CURRENT_PROJECT_VERSION = 1;
				DEVELOPMENT_TEAM = 44U668YQTW;
				GENERATE_INFOPLIST_FILE = YES;
				IPHONEOS_DEPLOYMENT_TARGET = 16.4;
				MARKETING_VERSION = 1.0;
				PRODUCT_BUNDLE_IDENTIFIER = "com.luciana.POC-CombineTests";
				PRODUCT_NAME = "$(TARGET_NAME)";
				SWIFT_EMIT_LOC_STRINGS = NO;
				SWIFT_VERSION = 5.0;
				TARGETED_DEVICE_FAMILY = "1,2";
				TEST_HOST = "$(BUILT_PRODUCTS_DIR)/POC-Combine.app/$(BUNDLE_EXECUTABLE_FOLDER_PATH)/POC-Combine";
			};
			name = Debug;
		};
		7E52113B2AA74C3D0080F92C /* Release */ = {
			isa = XCBuildConfiguration;
			buildSettings = {
				ALWAYS_EMBED_SWIFT_STANDARD_LIBRARIES = YES;
				BUNDLE_LOADER = "$(TEST_HOST)";
				CODE_SIGN_STYLE = Automatic;
				CURRENT_PROJECT_VERSION = 1;
				DEVELOPMENT_TEAM = 44U668YQTW;
				GENERATE_INFOPLIST_FILE = YES;
				IPHONEOS_DEPLOYMENT_TARGET = 16.4;
				MARKETING_VERSION = 1.0;
				PRODUCT_BUNDLE_IDENTIFIER = "com.luciana.POC-CombineTests";
				PRODUCT_NAME = "$(TARGET_NAME)";
				SWIFT_EMIT_LOC_STRINGS = NO;
				SWIFT_VERSION = 5.0;
				TARGETED_DEVICE_FAMILY = "1,2";
				TEST_HOST = "$(BUILT_PRODUCTS_DIR)/POC-Combine.app/$(BUNDLE_EXECUTABLE_FOLDER_PATH)/POC-Combine";
			};
			name = Release;
		};
		7E52113D2AA74C3D0080F92C /* Debug */ = {
			isa = XCBuildConfiguration;
			buildSettings = {
				ALWAYS_EMBED_SWIFT_STANDARD_LIBRARIES = YES;
				CODE_SIGN_STYLE = Automatic;
				CURRENT_PROJECT_VERSION = 1;
				DEVELOPMENT_TEAM = 44U668YQTW;
				GENERATE_INFOPLIST_FILE = YES;
				MARKETING_VERSION = 1.0;
				PRODUCT_BUNDLE_IDENTIFIER = "com.luciana.POC-CombineUITests";
				PRODUCT_NAME = "$(TARGET_NAME)";
				SWIFT_EMIT_LOC_STRINGS = NO;
				SWIFT_VERSION = 5.0;
				TARGETED_DEVICE_FAMILY = "1,2";
				TEST_TARGET_NAME = "POC-Combine";
			};
			name = Debug;
		};
		7E52113E2AA74C3D0080F92C /* Release */ = {
			isa = XCBuildConfiguration;
			buildSettings = {
				ALWAYS_EMBED_SWIFT_STANDARD_LIBRARIES = YES;
				CODE_SIGN_STYLE = Automatic;
				CURRENT_PROJECT_VERSION = 1;
				DEVELOPMENT_TEAM = 44U668YQTW;
				GENERATE_INFOPLIST_FILE = YES;
				MARKETING_VERSION = 1.0;
				PRODUCT_BUNDLE_IDENTIFIER = "com.luciana.POC-CombineUITests";
				PRODUCT_NAME = "$(TARGET_NAME)";
				SWIFT_EMIT_LOC_STRINGS = NO;
				SWIFT_VERSION = 5.0;
				TARGETED_DEVICE_FAMILY = "1,2";
				TEST_TARGET_NAME = "POC-Combine";
			};
			name = Release;
		};
/* End XCBuildConfiguration section */

/* Begin XCConfigurationList section */
		7E5211072AA74C3B0080F92C /* Build configuration list for PBXProject "POC-Combine" */ = {
			isa = XCConfigurationList;
			buildConfigurations = (
				7E5211342AA74C3D0080F92C /* Debug */,
				7E5211352AA74C3D0080F92C /* Release */,
			);
			defaultConfigurationIsVisible = 0;
			defaultConfigurationName = Release;
		};
		7E5211362AA74C3D0080F92C /* Build configuration list for PBXNativeTarget "POC-Combine" */ = {
			isa = XCConfigurationList;
			buildConfigurations = (
				7E5211372AA74C3D0080F92C /* Debug */,
				7E5211382AA74C3D0080F92C /* Release */,
			);
			defaultConfigurationIsVisible = 0;
			defaultConfigurationName = Release;
		};
		7E5211392AA74C3D0080F92C /* Build configuration list for PBXNativeTarget "POC-CombineTests" */ = {
			isa = XCConfigurationList;
			buildConfigurations = (
				7E52113A2AA74C3D0080F92C /* Debug */,
				7E52113B2AA74C3D0080F92C /* Release */,
			);
			defaultConfigurationIsVisible = 0;
			defaultConfigurationName = Release;
		};
		7E52113C2AA74C3D0080F92C /* Build configuration list for PBXNativeTarget "POC-CombineUITests" */ = {
			isa = XCConfigurationList;
			buildConfigurations = (
				7E52113D2AA74C3D0080F92C /* Debug */,
				7E52113E2AA74C3D0080F92C /* Release */,
			);
			defaultConfigurationIsVisible = 0;
			defaultConfigurationName = Release;
		};
/* End XCConfigurationList section */
	};
	rootObject = 7E5211042AA74C3B0080F92C /* Project object */;
}
